<Solution>
  <Folder Name="/src/">
    <Project Path="src/Boxcars.Engine/Boxcars.Engine.csproj" />
    <Project Path="src/Boxcars/Boxcars.csproj" Id="d0d5ca36-dd0f-4daa-8655-8367fa2fe154" />
  </Folder>
  <Folder Name="/tests/">
    <Project Path="tests/BenchmarkSuite/BenchmarkSuite.csproj" />
    <Project Path="tests/Boxcars.Engine.Tests/Boxcars.Engine.Tests.csproj" />
  </Folder>
  <Project Path="Specs.csproj" Id="3af3fd5f-096f-4306-9d61-38dcc27dd906" />
</Solution>
